
Microsoft Visual Studio Solution File, Format Version 12.00
# Visual Studio Version 16
VisualStudioVersion = 16.0.28803.202
MinimumVisualStudioVersion = 10.0.40219.1
Project("{2150E333-8FDC-42A3-9474-1A3956D46DE8}") = "tests", "tests", "{0C701AD0-75AE-447C-9BDF-9048A3E41280}"
EndProject
Project("{2150E333-8FDC-42A3-9474-1A3956D46DE8}") = "src", "src", "{46FA7A81-EA94-407D-B1A9-4E06E414F6D6}"
EndProject
Project("{9A19103F-16F7-4668-BE54-9A1E7A4F7556}") = "Prism.Container.Extensions", "src\Prism.Container.Extensions\Prism.Container.Extensions.csproj", "{940CA2D8-B9A8-499A-9ED3-ECEE9758073F}"
EndProject
Project("{9A19103F-16F7-4668-BE54-9A1E7A4F7556}") = "Prism.DryIoc.Extensions", "src\Prism.DryIoc.Extensions\Prism.DryIoc.Extensions.csproj", "{3A82A96A-F3FC-4244-87C3-28706494F614}"
EndProject
Project("{9A19103F-16F7-4668-BE54-9A1E7A4F7556}") = "Prism.DryIoc.Extensions.Tests", "tests\Prism.DryIoc.Extensions.Tests\Prism.DryIoc.Extensions.Tests.csproj", "{24CED393-E72C-4A67-B367-9D7AC5CA6E00}"
EndProject
Project("{2150E333-8FDC-42A3-9474-1A3956D46DE8}") = "Solution Items", "Solution Items", "{5592888F-61D8-4C76-8AD7-8A128EDAEBDD}"
	ProjectSection(SolutionItems) = preProject
		azure-pipelines.yml = azure-pipelines.yml
		CodeCoverage.runsettings = CodeCoverage.runsettings
		Directory.build.props = Directory.build.props
		global.json = global.json
		LICENSE = LICENSE
		README.md = README.md
		xunit.runner.json = xunit.runner.json
	EndProjectSection
EndProject
Project("{2150E333-8FDC-42A3-9474-1A3956D46DE8}") = "build", "build", "{C32B325F-AED5-43AB-B7C8-6E0911652561}"
	ProjectSection(SolutionItems) = preProject
		build\filelist.txt = build\filelist.txt
		build\Process-Release.ps1 = build\Process-Release.ps1
		build\Sign-Packages.ps1 = build\Sign-Packages.ps1
	EndProjectSection
EndProject
Project("{9A19103F-16F7-4668-BE54-9A1E7A4F7556}") = "Shiny.Prism", "src\Shiny.Prism\Shiny.Prism.csproj", "{FD30086E-FA39-408E-935F-8921B454D282}"
EndProject
Project("{9A19103F-16F7-4668-BE54-9A1E7A4F7556}") = "Prism.DryIoc.Forms.Extended.Tests", "tests\Prism.DryIoc.Forms.Extended.Tests\Prism.DryIoc.Forms.Extended.Tests.csproj", "{A1664CA9-907A-4AF7-9100-C69CCD26900E}"
EndProject
Project("{9A19103F-16F7-4668-BE54-9A1E7A4F7556}") = "Prism.Unity.Extensions", "src\Prism.Unity.Extensions\Prism.Unity.Extensions.csproj", "{636195B0-A0D5-4976-8C33-8B719714B419}"
EndProject
Project("{9A19103F-16F7-4668-BE54-9A1E7A4F7556}") = "Prism.Forms.Extended", "src\Prism.Forms.Extended\Prism.Forms.Extended.csproj", "{771A0FD7-7877-4AB7-8528-7FB07054393D}"
EndProject
Project("{9A19103F-16F7-4668-BE54-9A1E7A4F7556}") = "Prism.Unity.Extensions.Tests", "tests\Prism.Unity.Extensions.Tests\Prism.Unity.Extensions.Tests.csproj", "{626759D0-9075-434F-A239-E3C8AC180C44}"
EndProject
Project("{9A19103F-16F7-4668-BE54-9A1E7A4F7556}") = "Prism.Unity.Forms.Extended.Tests", "tests\Prism.Unity.Forms.Extended.Tests\Prism.Unity.Forms.Extended.Tests.csproj", "{9D2C6E7D-4C6E-4606-A3FA-43B18ED56F32}"
EndProject
Project("{9A19103F-16F7-4668-BE54-9A1E7A4F7556}") = "Prism.Container.Extensions.Mocks", "tests\Prism.Container.Extensions.Mocks\Prism.Container.Extensions.Mocks.csproj", "{D73AC015-C294-4EEE-9E71-D8A9CEA3DC41}"
EndProject
Project("{D954291E-2A0B-460D-934E-DC6B0785DB48}") = "Prism.Forms.Extended.Mocks", "tests\Prism.Forms.Extended.Mocks\Prism.Forms.Extended.Mocks.shproj", "{E13E43D5-6A03-401C-B7E6-298E829E5A2F}"
EndProject
Project("{9A19103F-16F7-4668-BE54-9A1E7A4F7556}") = "Shiny.Prism.Tests", "tests\Shiny.Prism.Tests\Shiny.Prism.Tests.csproj", "{4656E5BB-1C43-4F55-BA09-E0FB10042FAC}"
EndProject
Project("{9A19103F-16F7-4668-BE54-9A1E7A4F7556}") = "Prism.Microsoft.DependencyInjection.Extensions", "src\Prism.Microsoft.DependencyInjection.Extensions\Prism.Microsoft.DependencyInjection.Extensions.csproj", "{A225C244-5C70-402E-BA8F-ED55E27A10CD}"
EndProject
Project("{9A19103F-16F7-4668-BE54-9A1E7A4F7556}") = "Prism.Microsoft.DependencyInjection.Extensions.Tests", "tests\Prism.Microsoft.DependencyInjection.Extensions.Tests\Prism.Microsoft.DependencyInjection.Extensions.Tests.csproj", "{D1367051-9F5C-4F7B-9135-6095541C47B2}"
EndProject
Project("{9A19103F-16F7-4668-BE54-9A1E7A4F7556}") = "Prism.Microsoft.DependencyInjection.Forms.Extended.Tests", "tests\Prism.Microsoft.DependencyInjection.Extensions.Forms.Tests\Prism.Microsoft.DependencyInjection.Forms.Extended.Tests.csproj", "{407F4E72-CC87-4A58-841B-B75CD914F8B1}"
EndProject
Project("{D954291E-2A0B-460D-934E-DC6B0785DB48}") = "Prism.Container.Extensions.Shared.Tests", "tests\Prism.Container.Extensions.Shared.Tests\Prism.Container.Extensions.Shared.Tests.shproj", "{A000E151-D04B-4F18-92A9-173E60975FBC}"
EndProject
Project("{2150E333-8FDC-42A3-9474-1A3956D46DE8}") = "sample", "sample", "{69740F2B-E447-45FC-A32C-DBFC7FD5D810}"
EndProject
Project("{9A19103F-16F7-4668-BE54-9A1E7A4F7556}") = "PrismSample", "sample\PrismSample\PrismSample.csproj", "{B86B132A-27A9-4080-894F-F84CEEFEE088}"
EndProject
Project("{FAE04EC0-301F-11D3-BF4B-00C04F79EFBC}") = "PrismSample.Android", "sample\PrismSample.Android\PrismSample.Android.csproj", "{4E987D86-4E13-4BBC-9C3A-69006801D049}"
EndProject
Project("{FAE04EC0-301F-11D3-BF4B-00C04F79EFBC}") = "PrismSample.iOS", "sample\PrismSample.iOS\PrismSample.iOS.csproj", "{BEE0A49E-FC11-40CD-BA64-F426B1B23A0E}"
EndProject
Project("{FAE04EC0-301F-11D3-BF4B-00C04F79EFBC}") = "PrismSample.UWP", "sample\PrismSample.UWP\PrismSample.UWP.csproj", "{A34F7AAD-DE91-4A1A-B5DE-1B1F5769E483}"
EndProject
Global
	GlobalSection(SharedMSBuildProjectFiles) = preSolution
		tests\Prism.Container.Extensions.Shared.Tests\Prism.Container.Extensions.Shared.Tests.projitems*{a000e151-d04b-4f18-92a9-173e60975fbc}*SharedItemsImports = 13
		tests\Prism.Forms.Extended.Mocks\Prism.Forms.Extended.Mocks.projitems*{e13e43d5-6a03-401c-b7e6-298e829e5a2f}*SharedItemsImports = 13
	EndGlobalSection
	GlobalSection(SolutionConfigurationPlatforms) = preSolution
		Debug|Any CPU = Debug|Any CPU
		Debug|ARM = Debug|ARM
		Debug|iPhone = Debug|iPhone
		Debug|iPhoneSimulator = Debug|iPhoneSimulator
		Debug|x64 = Debug|x64
		Debug|x86 = Debug|x86
		Release|Any CPU = Release|Any CPU
		Release|ARM = Release|ARM
		Release|iPhone = Release|iPhone
		Release|iPhoneSimulator = Release|iPhoneSimulator
		Release|x64 = Release|x64
		Release|x86 = Release|x86
	EndGlobalSection
	GlobalSection(ProjectConfigurationPlatforms) = postSolution
		{940CA2D8-B9A8-499A-9ED3-ECEE9758073F}.Debug|Any CPU.ActiveCfg = Debug|Any CPU
		{940CA2D8-B9A8-499A-9ED3-ECEE9758073F}.Debug|Any CPU.Build.0 = Debug|Any CPU
		{940CA2D8-B9A8-499A-9ED3-ECEE9758073F}.Debug|ARM.ActiveCfg = Debug|Any CPU
		{940CA2D8-B9A8-499A-9ED3-ECEE9758073F}.Debug|ARM.Build.0 = Debug|Any CPU
		{940CA2D8-B9A8-499A-9ED3-ECEE9758073F}.Debug|iPhone.ActiveCfg = Debug|Any CPU
		{940CA2D8-B9A8-499A-9ED3-ECEE9758073F}.Debug|iPhone.Build.0 = Debug|Any CPU
		{940CA2D8-B9A8-499A-9ED3-ECEE9758073F}.Debug|iPhoneSimulator.ActiveCfg = Debug|Any CPU
		{940CA2D8-B9A8-499A-9ED3-ECEE9758073F}.Debug|iPhoneSimulator.Build.0 = Debug|Any CPU
		{940CA2D8-B9A8-499A-9ED3-ECEE9758073F}.Debug|x64.ActiveCfg = Debug|Any CPU
		{940CA2D8-B9A8-499A-9ED3-ECEE9758073F}.Debug|x64.Build.0 = Debug|Any CPU
		{940CA2D8-B9A8-499A-9ED3-ECEE9758073F}.Debug|x86.ActiveCfg = Debug|Any CPU
		{940CA2D8-B9A8-499A-9ED3-ECEE9758073F}.Debug|x86.Build.0 = Debug|Any CPU
		{940CA2D8-B9A8-499A-9ED3-ECEE9758073F}.Release|Any CPU.ActiveCfg = Release|Any CPU
		{940CA2D8-B9A8-499A-9ED3-ECEE9758073F}.Release|Any CPU.Build.0 = Release|Any CPU
		{940CA2D8-B9A8-499A-9ED3-ECEE9758073F}.Release|ARM.ActiveCfg = Release|Any CPU
		{940CA2D8-B9A8-499A-9ED3-ECEE9758073F}.Release|ARM.Build.0 = Release|Any CPU
		{940CA2D8-B9A8-499A-9ED3-ECEE9758073F}.Release|iPhone.ActiveCfg = Release|Any CPU
		{940CA2D8-B9A8-499A-9ED3-ECEE9758073F}.Release|iPhone.Build.0 = Release|Any CPU
		{940CA2D8-B9A8-499A-9ED3-ECEE9758073F}.Release|iPhoneSimulator.ActiveCfg = Release|Any CPU
		{940CA2D8-B9A8-499A-9ED3-ECEE9758073F}.Release|iPhoneSimulator.Build.0 = Release|Any CPU
		{940CA2D8-B9A8-499A-9ED3-ECEE9758073F}.Release|x64.ActiveCfg = Release|Any CPU
		{940CA2D8-B9A8-499A-9ED3-ECEE9758073F}.Release|x64.Build.0 = Release|Any CPU
		{940CA2D8-B9A8-499A-9ED3-ECEE9758073F}.Release|x86.ActiveCfg = Release|Any CPU
		{940CA2D8-B9A8-499A-9ED3-ECEE9758073F}.Release|x86.Build.0 = Release|Any CPU
		{3A82A96A-F3FC-4244-87C3-28706494F614}.Debug|Any CPU.ActiveCfg = Debug|Any CPU
		{3A82A96A-F3FC-4244-87C3-28706494F614}.Debug|Any CPU.Build.0 = Debug|Any CPU
		{3A82A96A-F3FC-4244-87C3-28706494F614}.Debug|ARM.ActiveCfg = Debug|Any CPU
		{3A82A96A-F3FC-4244-87C3-28706494F614}.Debug|ARM.Build.0 = Debug|Any CPU
		{3A82A96A-F3FC-4244-87C3-28706494F614}.Debug|iPhone.ActiveCfg = Debug|Any CPU
		{3A82A96A-F3FC-4244-87C3-28706494F614}.Debug|iPhone.Build.0 = Debug|Any CPU
		{3A82A96A-F3FC-4244-87C3-28706494F614}.Debug|iPhoneSimulator.ActiveCfg = Debug|Any CPU
		{3A82A96A-F3FC-4244-87C3-28706494F614}.Debug|iPhoneSimulator.Build.0 = Debug|Any CPU
		{3A82A96A-F3FC-4244-87C3-28706494F614}.Debug|x64.ActiveCfg = Debug|Any CPU
		{3A82A96A-F3FC-4244-87C3-28706494F614}.Debug|x64.Build.0 = Debug|Any CPU
		{3A82A96A-F3FC-4244-87C3-28706494F614}.Debug|x86.ActiveCfg = Debug|Any CPU
		{3A82A96A-F3FC-4244-87C3-28706494F614}.Debug|x86.Build.0 = Debug|Any CPU
		{3A82A96A-F3FC-4244-87C3-28706494F614}.Release|Any CPU.ActiveCfg = Release|Any CPU
		{3A82A96A-F3FC-4244-87C3-28706494F614}.Release|Any CPU.Build.0 = Release|Any CPU
		{3A82A96A-F3FC-4244-87C3-28706494F614}.Release|ARM.ActiveCfg = Release|Any CPU
		{3A82A96A-F3FC-4244-87C3-28706494F614}.Release|ARM.Build.0 = Release|Any CPU
		{3A82A96A-F3FC-4244-87C3-28706494F614}.Release|iPhone.ActiveCfg = Release|Any CPU
		{3A82A96A-F3FC-4244-87C3-28706494F614}.Release|iPhone.Build.0 = Release|Any CPU
		{3A82A96A-F3FC-4244-87C3-28706494F614}.Release|iPhoneSimulator.ActiveCfg = Release|Any CPU
		{3A82A96A-F3FC-4244-87C3-28706494F614}.Release|iPhoneSimulator.Build.0 = Release|Any CPU
		{3A82A96A-F3FC-4244-87C3-28706494F614}.Release|x64.ActiveCfg = Release|Any CPU
		{3A82A96A-F3FC-4244-87C3-28706494F614}.Release|x64.Build.0 = Release|Any CPU
		{3A82A96A-F3FC-4244-87C3-28706494F614}.Release|x86.ActiveCfg = Release|Any CPU
		{3A82A96A-F3FC-4244-87C3-28706494F614}.Release|x86.Build.0 = Release|Any CPU
		{24CED393-E72C-4A67-B367-9D7AC5CA6E00}.Debug|Any CPU.ActiveCfg = Debug|Any CPU
		{24CED393-E72C-4A67-B367-9D7AC5CA6E00}.Debug|Any CPU.Build.0 = Debug|Any CPU
		{24CED393-E72C-4A67-B367-9D7AC5CA6E00}.Debug|ARM.ActiveCfg = Debug|Any CPU
		{24CED393-E72C-4A67-B367-9D7AC5CA6E00}.Debug|ARM.Build.0 = Debug|Any CPU
		{24CED393-E72C-4A67-B367-9D7AC5CA6E00}.Debug|iPhone.ActiveCfg = Debug|Any CPU
		{24CED393-E72C-4A67-B367-9D7AC5CA6E00}.Debug|iPhone.Build.0 = Debug|Any CPU
		{24CED393-E72C-4A67-B367-9D7AC5CA6E00}.Debug|iPhoneSimulator.ActiveCfg = Debug|Any CPU
		{24CED393-E72C-4A67-B367-9D7AC5CA6E00}.Debug|iPhoneSimulator.Build.0 = Debug|Any CPU
		{24CED393-E72C-4A67-B367-9D7AC5CA6E00}.Debug|x64.ActiveCfg = Debug|Any CPU
		{24CED393-E72C-4A67-B367-9D7AC5CA6E00}.Debug|x64.Build.0 = Debug|Any CPU
		{24CED393-E72C-4A67-B367-9D7AC5CA6E00}.Debug|x86.ActiveCfg = Debug|Any CPU
		{24CED393-E72C-4A67-B367-9D7AC5CA6E00}.Debug|x86.Build.0 = Debug|Any CPU
		{24CED393-E72C-4A67-B367-9D7AC5CA6E00}.Release|Any CPU.ActiveCfg = Release|Any CPU
		{24CED393-E72C-4A67-B367-9D7AC5CA6E00}.Release|Any CPU.Build.0 = Release|Any CPU
		{24CED393-E72C-4A67-B367-9D7AC5CA6E00}.Release|ARM.ActiveCfg = Release|Any CPU
		{24CED393-E72C-4A67-B367-9D7AC5CA6E00}.Release|ARM.Build.0 = Release|Any CPU
		{24CED393-E72C-4A67-B367-9D7AC5CA6E00}.Release|iPhone.ActiveCfg = Release|Any CPU
		{24CED393-E72C-4A67-B367-9D7AC5CA6E00}.Release|iPhone.Build.0 = Release|Any CPU
		{24CED393-E72C-4A67-B367-9D7AC5CA6E00}.Release|iPhoneSimulator.ActiveCfg = Release|Any CPU
		{24CED393-E72C-4A67-B367-9D7AC5CA6E00}.Release|iPhoneSimulator.Build.0 = Release|Any CPU
		{24CED393-E72C-4A67-B367-9D7AC5CA6E00}.Release|x64.ActiveCfg = Release|Any CPU
		{24CED393-E72C-4A67-B367-9D7AC5CA6E00}.Release|x64.Build.0 = Release|Any CPU
		{24CED393-E72C-4A67-B367-9D7AC5CA6E00}.Release|x86.ActiveCfg = Release|Any CPU
		{24CED393-E72C-4A67-B367-9D7AC5CA6E00}.Release|x86.Build.0 = Release|Any CPU
		{FD30086E-FA39-408E-935F-8921B454D282}.Debug|Any CPU.ActiveCfg = Debug|Any CPU
		{FD30086E-FA39-408E-935F-8921B454D282}.Debug|Any CPU.Build.0 = Debug|Any CPU
		{FD30086E-FA39-408E-935F-8921B454D282}.Debug|ARM.ActiveCfg = Debug|Any CPU
		{FD30086E-FA39-408E-935F-8921B454D282}.Debug|ARM.Build.0 = Debug|Any CPU
		{FD30086E-FA39-408E-935F-8921B454D282}.Debug|iPhone.ActiveCfg = Debug|Any CPU
		{FD30086E-FA39-408E-935F-8921B454D282}.Debug|iPhone.Build.0 = Debug|Any CPU
		{FD30086E-FA39-408E-935F-8921B454D282}.Debug|iPhoneSimulator.ActiveCfg = Debug|Any CPU
		{FD30086E-FA39-408E-935F-8921B454D282}.Debug|iPhoneSimulator.Build.0 = Debug|Any CPU
		{FD30086E-FA39-408E-935F-8921B454D282}.Debug|x64.ActiveCfg = Debug|Any CPU
		{FD30086E-FA39-408E-935F-8921B454D282}.Debug|x64.Build.0 = Debug|Any CPU
		{FD30086E-FA39-408E-935F-8921B454D282}.Debug|x86.ActiveCfg = Debug|Any CPU
		{FD30086E-FA39-408E-935F-8921B454D282}.Debug|x86.Build.0 = Debug|Any CPU
		{FD30086E-FA39-408E-935F-8921B454D282}.Release|Any CPU.ActiveCfg = Release|Any CPU
		{FD30086E-FA39-408E-935F-8921B454D282}.Release|Any CPU.Build.0 = Release|Any CPU
		{FD30086E-FA39-408E-935F-8921B454D282}.Release|ARM.ActiveCfg = Release|Any CPU
		{FD30086E-FA39-408E-935F-8921B454D282}.Release|ARM.Build.0 = Release|Any CPU
		{FD30086E-FA39-408E-935F-8921B454D282}.Release|iPhone.ActiveCfg = Release|Any CPU
		{FD30086E-FA39-408E-935F-8921B454D282}.Release|iPhone.Build.0 = Release|Any CPU
		{FD30086E-FA39-408E-935F-8921B454D282}.Release|iPhoneSimulator.ActiveCfg = Release|Any CPU
		{FD30086E-FA39-408E-935F-8921B454D282}.Release|iPhoneSimulator.Build.0 = Release|Any CPU
		{FD30086E-FA39-408E-935F-8921B454D282}.Release|x64.ActiveCfg = Release|Any CPU
		{FD30086E-FA39-408E-935F-8921B454D282}.Release|x64.Build.0 = Release|Any CPU
		{FD30086E-FA39-408E-935F-8921B454D282}.Release|x86.ActiveCfg = Release|Any CPU
		{FD30086E-FA39-408E-935F-8921B454D282}.Release|x86.Build.0 = Release|Any CPU
		{A1664CA9-907A-4AF7-9100-C69CCD26900E}.Debug|Any CPU.ActiveCfg = Debug|Any CPU
		{A1664CA9-907A-4AF7-9100-C69CCD26900E}.Debug|Any CPU.Build.0 = Debug|Any CPU
		{A1664CA9-907A-4AF7-9100-C69CCD26900E}.Debug|ARM.ActiveCfg = Debug|Any CPU
		{A1664CA9-907A-4AF7-9100-C69CCD26900E}.Debug|ARM.Build.0 = Debug|Any CPU
		{A1664CA9-907A-4AF7-9100-C69CCD26900E}.Debug|iPhone.ActiveCfg = Debug|Any CPU
		{A1664CA9-907A-4AF7-9100-C69CCD26900E}.Debug|iPhone.Build.0 = Debug|Any CPU
		{A1664CA9-907A-4AF7-9100-C69CCD26900E}.Debug|iPhoneSimulator.ActiveCfg = Debug|Any CPU
		{A1664CA9-907A-4AF7-9100-C69CCD26900E}.Debug|iPhoneSimulator.Build.0 = Debug|Any CPU
		{A1664CA9-907A-4AF7-9100-C69CCD26900E}.Debug|x64.ActiveCfg = Debug|Any CPU
		{A1664CA9-907A-4AF7-9100-C69CCD26900E}.Debug|x64.Build.0 = Debug|Any CPU
		{A1664CA9-907A-4AF7-9100-C69CCD26900E}.Debug|x86.ActiveCfg = Debug|Any CPU
		{A1664CA9-907A-4AF7-9100-C69CCD26900E}.Debug|x86.Build.0 = Debug|Any CPU
		{A1664CA9-907A-4AF7-9100-C69CCD26900E}.Release|Any CPU.ActiveCfg = Release|Any CPU
		{A1664CA9-907A-4AF7-9100-C69CCD26900E}.Release|Any CPU.Build.0 = Release|Any CPU
		{A1664CA9-907A-4AF7-9100-C69CCD26900E}.Release|ARM.ActiveCfg = Release|Any CPU
		{A1664CA9-907A-4AF7-9100-C69CCD26900E}.Release|ARM.Build.0 = Release|Any CPU
		{A1664CA9-907A-4AF7-9100-C69CCD26900E}.Release|iPhone.ActiveCfg = Release|Any CPU
		{A1664CA9-907A-4AF7-9100-C69CCD26900E}.Release|iPhone.Build.0 = Release|Any CPU
		{A1664CA9-907A-4AF7-9100-C69CCD26900E}.Release|iPhoneSimulator.ActiveCfg = Release|Any CPU
		{A1664CA9-907A-4AF7-9100-C69CCD26900E}.Release|iPhoneSimulator.Build.0 = Release|Any CPU
		{A1664CA9-907A-4AF7-9100-C69CCD26900E}.Release|x64.ActiveCfg = Release|Any CPU
		{A1664CA9-907A-4AF7-9100-C69CCD26900E}.Release|x64.Build.0 = Release|Any CPU
		{A1664CA9-907A-4AF7-9100-C69CCD26900E}.Release|x86.ActiveCfg = Release|Any CPU
		{A1664CA9-907A-4AF7-9100-C69CCD26900E}.Release|x86.Build.0 = Release|Any CPU
		{636195B0-A0D5-4976-8C33-8B719714B419}.Debug|Any CPU.ActiveCfg = Debug|Any CPU
		{636195B0-A0D5-4976-8C33-8B719714B419}.Debug|Any CPU.Build.0 = Debug|Any CPU
		{636195B0-A0D5-4976-8C33-8B719714B419}.Debug|ARM.ActiveCfg = Debug|Any CPU
		{636195B0-A0D5-4976-8C33-8B719714B419}.Debug|ARM.Build.0 = Debug|Any CPU
		{636195B0-A0D5-4976-8C33-8B719714B419}.Debug|iPhone.ActiveCfg = Debug|Any CPU
		{636195B0-A0D5-4976-8C33-8B719714B419}.Debug|iPhone.Build.0 = Debug|Any CPU
		{636195B0-A0D5-4976-8C33-8B719714B419}.Debug|iPhoneSimulator.ActiveCfg = Debug|Any CPU
		{636195B0-A0D5-4976-8C33-8B719714B419}.Debug|iPhoneSimulator.Build.0 = Debug|Any CPU
		{636195B0-A0D5-4976-8C33-8B719714B419}.Debug|x64.ActiveCfg = Debug|Any CPU
		{636195B0-A0D5-4976-8C33-8B719714B419}.Debug|x64.Build.0 = Debug|Any CPU
		{636195B0-A0D5-4976-8C33-8B719714B419}.Debug|x86.ActiveCfg = Debug|Any CPU
		{636195B0-A0D5-4976-8C33-8B719714B419}.Debug|x86.Build.0 = Debug|Any CPU
		{636195B0-A0D5-4976-8C33-8B719714B419}.Release|Any CPU.ActiveCfg = Release|Any CPU
		{636195B0-A0D5-4976-8C33-8B719714B419}.Release|Any CPU.Build.0 = Release|Any CPU
		{636195B0-A0D5-4976-8C33-8B719714B419}.Release|ARM.ActiveCfg = Release|Any CPU
		{636195B0-A0D5-4976-8C33-8B719714B419}.Release|ARM.Build.0 = Release|Any CPU
		{636195B0-A0D5-4976-8C33-8B719714B419}.Release|iPhone.ActiveCfg = Release|Any CPU
		{636195B0-A0D5-4976-8C33-8B719714B419}.Release|iPhone.Build.0 = Release|Any CPU
		{636195B0-A0D5-4976-8C33-8B719714B419}.Release|iPhoneSimulator.ActiveCfg = Release|Any CPU
		{636195B0-A0D5-4976-8C33-8B719714B419}.Release|iPhoneSimulator.Build.0 = Release|Any CPU
		{636195B0-A0D5-4976-8C33-8B719714B419}.Release|x64.ActiveCfg = Release|Any CPU
		{636195B0-A0D5-4976-8C33-8B719714B419}.Release|x64.Build.0 = Release|Any CPU
		{636195B0-A0D5-4976-8C33-8B719714B419}.Release|x86.ActiveCfg = Release|Any CPU
		{636195B0-A0D5-4976-8C33-8B719714B419}.Release|x86.Build.0 = Release|Any CPU
		{771A0FD7-7877-4AB7-8528-7FB07054393D}.Debug|Any CPU.ActiveCfg = Debug|Any CPU
		{771A0FD7-7877-4AB7-8528-7FB07054393D}.Debug|Any CPU.Build.0 = Debug|Any CPU
		{771A0FD7-7877-4AB7-8528-7FB07054393D}.Debug|ARM.ActiveCfg = Debug|Any CPU
		{771A0FD7-7877-4AB7-8528-7FB07054393D}.Debug|ARM.Build.0 = Debug|Any CPU
		{771A0FD7-7877-4AB7-8528-7FB07054393D}.Debug|iPhone.ActiveCfg = Debug|Any CPU
		{771A0FD7-7877-4AB7-8528-7FB07054393D}.Debug|iPhone.Build.0 = Debug|Any CPU
		{771A0FD7-7877-4AB7-8528-7FB07054393D}.Debug|iPhoneSimulator.ActiveCfg = Debug|Any CPU
		{771A0FD7-7877-4AB7-8528-7FB07054393D}.Debug|iPhoneSimulator.Build.0 = Debug|Any CPU
		{771A0FD7-7877-4AB7-8528-7FB07054393D}.Debug|x64.ActiveCfg = Debug|Any CPU
		{771A0FD7-7877-4AB7-8528-7FB07054393D}.Debug|x64.Build.0 = Debug|Any CPU
		{771A0FD7-7877-4AB7-8528-7FB07054393D}.Debug|x86.ActiveCfg = Debug|Any CPU
		{771A0FD7-7877-4AB7-8528-7FB07054393D}.Debug|x86.Build.0 = Debug|Any CPU
		{771A0FD7-7877-4AB7-8528-7FB07054393D}.Release|Any CPU.ActiveCfg = Release|Any CPU
		{771A0FD7-7877-4AB7-8528-7FB07054393D}.Release|Any CPU.Build.0 = Release|Any CPU
		{771A0FD7-7877-4AB7-8528-7FB07054393D}.Release|ARM.ActiveCfg = Release|Any CPU
		{771A0FD7-7877-4AB7-8528-7FB07054393D}.Release|ARM.Build.0 = Release|Any CPU
		{771A0FD7-7877-4AB7-8528-7FB07054393D}.Release|iPhone.ActiveCfg = Release|Any CPU
		{771A0FD7-7877-4AB7-8528-7FB07054393D}.Release|iPhone.Build.0 = Release|Any CPU
		{771A0FD7-7877-4AB7-8528-7FB07054393D}.Release|iPhoneSimulator.ActiveCfg = Release|Any CPU
		{771A0FD7-7877-4AB7-8528-7FB07054393D}.Release|iPhoneSimulator.Build.0 = Release|Any CPU
		{771A0FD7-7877-4AB7-8528-7FB07054393D}.Release|x64.ActiveCfg = Release|Any CPU
		{771A0FD7-7877-4AB7-8528-7FB07054393D}.Release|x64.Build.0 = Release|Any CPU
		{771A0FD7-7877-4AB7-8528-7FB07054393D}.Release|x86.ActiveCfg = Release|Any CPU
		{771A0FD7-7877-4AB7-8528-7FB07054393D}.Release|x86.Build.0 = Release|Any CPU
		{626759D0-9075-434F-A239-E3C8AC180C44}.Debug|Any CPU.ActiveCfg = Debug|Any CPU
		{626759D0-9075-434F-A239-E3C8AC180C44}.Debug|Any CPU.Build.0 = Debug|Any CPU
		{626759D0-9075-434F-A239-E3C8AC180C44}.Debug|ARM.ActiveCfg = Debug|Any CPU
		{626759D0-9075-434F-A239-E3C8AC180C44}.Debug|ARM.Build.0 = Debug|Any CPU
		{626759D0-9075-434F-A239-E3C8AC180C44}.Debug|iPhone.ActiveCfg = Debug|Any CPU
		{626759D0-9075-434F-A239-E3C8AC180C44}.Debug|iPhone.Build.0 = Debug|Any CPU
		{626759D0-9075-434F-A239-E3C8AC180C44}.Debug|iPhoneSimulator.ActiveCfg = Debug|Any CPU
		{626759D0-9075-434F-A239-E3C8AC180C44}.Debug|iPhoneSimulator.Build.0 = Debug|Any CPU
		{626759D0-9075-434F-A239-E3C8AC180C44}.Debug|x64.ActiveCfg = Debug|Any CPU
		{626759D0-9075-434F-A239-E3C8AC180C44}.Debug|x64.Build.0 = Debug|Any CPU
		{626759D0-9075-434F-A239-E3C8AC180C44}.Debug|x86.ActiveCfg = Debug|Any CPU
		{626759D0-9075-434F-A239-E3C8AC180C44}.Debug|x86.Build.0 = Debug|Any CPU
		{626759D0-9075-434F-A239-E3C8AC180C44}.Release|Any CPU.ActiveCfg = Release|Any CPU
		{626759D0-9075-434F-A239-E3C8AC180C44}.Release|Any CPU.Build.0 = Release|Any CPU
		{626759D0-9075-434F-A239-E3C8AC180C44}.Release|ARM.ActiveCfg = Release|Any CPU
		{626759D0-9075-434F-A239-E3C8AC180C44}.Release|ARM.Build.0 = Release|Any CPU
		{626759D0-9075-434F-A239-E3C8AC180C44}.Release|iPhone.ActiveCfg = Release|Any CPU
		{626759D0-9075-434F-A239-E3C8AC180C44}.Release|iPhone.Build.0 = Release|Any CPU
		{626759D0-9075-434F-A239-E3C8AC180C44}.Release|iPhoneSimulator.ActiveCfg = Release|Any CPU
		{626759D0-9075-434F-A239-E3C8AC180C44}.Release|iPhoneSimulator.Build.0 = Release|Any CPU
		{626759D0-9075-434F-A239-E3C8AC180C44}.Release|x64.ActiveCfg = Release|Any CPU
		{626759D0-9075-434F-A239-E3C8AC180C44}.Release|x64.Build.0 = Release|Any CPU
		{626759D0-9075-434F-A239-E3C8AC180C44}.Release|x86.ActiveCfg = Release|Any CPU
		{626759D0-9075-434F-A239-E3C8AC180C44}.Release|x86.Build.0 = Release|Any CPU
		{9D2C6E7D-4C6E-4606-A3FA-43B18ED56F32}.Debug|Any CPU.ActiveCfg = Debug|Any CPU
		{9D2C6E7D-4C6E-4606-A3FA-43B18ED56F32}.Debug|Any CPU.Build.0 = Debug|Any CPU
		{9D2C6E7D-4C6E-4606-A3FA-43B18ED56F32}.Debug|ARM.ActiveCfg = Debug|Any CPU
		{9D2C6E7D-4C6E-4606-A3FA-43B18ED56F32}.Debug|ARM.Build.0 = Debug|Any CPU
		{9D2C6E7D-4C6E-4606-A3FA-43B18ED56F32}.Debug|iPhone.ActiveCfg = Debug|Any CPU
		{9D2C6E7D-4C6E-4606-A3FA-43B18ED56F32}.Debug|iPhone.Build.0 = Debug|Any CPU
		{9D2C6E7D-4C6E-4606-A3FA-43B18ED56F32}.Debug|iPhoneSimulator.ActiveCfg = Debug|Any CPU
		{9D2C6E7D-4C6E-4606-A3FA-43B18ED56F32}.Debug|iPhoneSimulator.Build.0 = Debug|Any CPU
		{9D2C6E7D-4C6E-4606-A3FA-43B18ED56F32}.Debug|x64.ActiveCfg = Debug|Any CPU
		{9D2C6E7D-4C6E-4606-A3FA-43B18ED56F32}.Debug|x64.Build.0 = Debug|Any CPU
		{9D2C6E7D-4C6E-4606-A3FA-43B18ED56F32}.Debug|x86.ActiveCfg = Debug|Any CPU
		{9D2C6E7D-4C6E-4606-A3FA-43B18ED56F32}.Debug|x86.Build.0 = Debug|Any CPU
		{9D2C6E7D-4C6E-4606-A3FA-43B18ED56F32}.Release|Any CPU.ActiveCfg = Release|Any CPU
		{9D2C6E7D-4C6E-4606-A3FA-43B18ED56F32}.Release|Any CPU.Build.0 = Release|Any CPU
		{9D2C6E7D-4C6E-4606-A3FA-43B18ED56F32}.Release|ARM.ActiveCfg = Release|Any CPU
		{9D2C6E7D-4C6E-4606-A3FA-43B18ED56F32}.Release|ARM.Build.0 = Release|Any CPU
		{9D2C6E7D-4C6E-4606-A3FA-43B18ED56F32}.Release|iPhone.ActiveCfg = Release|Any CPU
		{9D2C6E7D-4C6E-4606-A3FA-43B18ED56F32}.Release|iPhone.Build.0 = Release|Any CPU
		{9D2C6E7D-4C6E-4606-A3FA-43B18ED56F32}.Release|iPhoneSimulator.ActiveCfg = Release|Any CPU
		{9D2C6E7D-4C6E-4606-A3FA-43B18ED56F32}.Release|iPhoneSimulator.Build.0 = Release|Any CPU
		{9D2C6E7D-4C6E-4606-A3FA-43B18ED56F32}.Release|x64.ActiveCfg = Release|Any CPU
		{9D2C6E7D-4C6E-4606-A3FA-43B18ED56F32}.Release|x64.Build.0 = Release|Any CPU
		{9D2C6E7D-4C6E-4606-A3FA-43B18ED56F32}.Release|x86.ActiveCfg = Release|Any CPU
		{9D2C6E7D-4C6E-4606-A3FA-43B18ED56F32}.Release|x86.Build.0 = Release|Any CPU
		{D73AC015-C294-4EEE-9E71-D8A9CEA3DC41}.Debug|Any CPU.ActiveCfg = Debug|Any CPU
		{D73AC015-C294-4EEE-9E71-D8A9CEA3DC41}.Debug|Any CPU.Build.0 = Debug|Any CPU
		{D73AC015-C294-4EEE-9E71-D8A9CEA3DC41}.Debug|ARM.ActiveCfg = Debug|Any CPU
		{D73AC015-C294-4EEE-9E71-D8A9CEA3DC41}.Debug|ARM.Build.0 = Debug|Any CPU
		{D73AC015-C294-4EEE-9E71-D8A9CEA3DC41}.Debug|iPhone.ActiveCfg = Debug|Any CPU
		{D73AC015-C294-4EEE-9E71-D8A9CEA3DC41}.Debug|iPhone.Build.0 = Debug|Any CPU
		{D73AC015-C294-4EEE-9E71-D8A9CEA3DC41}.Debug|iPhoneSimulator.ActiveCfg = Debug|Any CPU
		{D73AC015-C294-4EEE-9E71-D8A9CEA3DC41}.Debug|iPhoneSimulator.Build.0 = Debug|Any CPU
		{D73AC015-C294-4EEE-9E71-D8A9CEA3DC41}.Debug|x64.ActiveCfg = Debug|Any CPU
		{D73AC015-C294-4EEE-9E71-D8A9CEA3DC41}.Debug|x64.Build.0 = Debug|Any CPU
		{D73AC015-C294-4EEE-9E71-D8A9CEA3DC41}.Debug|x86.ActiveCfg = Debug|Any CPU
		{D73AC015-C294-4EEE-9E71-D8A9CEA3DC41}.Debug|x86.Build.0 = Debug|Any CPU
		{D73AC015-C294-4EEE-9E71-D8A9CEA3DC41}.Release|Any CPU.ActiveCfg = Release|Any CPU
		{D73AC015-C294-4EEE-9E71-D8A9CEA3DC41}.Release|Any CPU.Build.0 = Release|Any CPU
		{D73AC015-C294-4EEE-9E71-D8A9CEA3DC41}.Release|ARM.ActiveCfg = Release|Any CPU
		{D73AC015-C294-4EEE-9E71-D8A9CEA3DC41}.Release|ARM.Build.0 = Release|Any CPU
		{D73AC015-C294-4EEE-9E71-D8A9CEA3DC41}.Release|iPhone.ActiveCfg = Release|Any CPU
		{D73AC015-C294-4EEE-9E71-D8A9CEA3DC41}.Release|iPhone.Build.0 = Release|Any CPU
		{D73AC015-C294-4EEE-9E71-D8A9CEA3DC41}.Release|iPhoneSimulator.ActiveCfg = Release|Any CPU
		{D73AC015-C294-4EEE-9E71-D8A9CEA3DC41}.Release|iPhoneSimulator.Build.0 = Release|Any CPU
		{D73AC015-C294-4EEE-9E71-D8A9CEA3DC41}.Release|x64.ActiveCfg = Release|Any CPU
		{D73AC015-C294-4EEE-9E71-D8A9CEA3DC41}.Release|x64.Build.0 = Release|Any CPU
		{D73AC015-C294-4EEE-9E71-D8A9CEA3DC41}.Release|x86.ActiveCfg = Release|Any CPU
		{D73AC015-C294-4EEE-9E71-D8A9CEA3DC41}.Release|x86.Build.0 = Release|Any CPU
		{4656E5BB-1C43-4F55-BA09-E0FB10042FAC}.Debug|Any CPU.ActiveCfg = Debug|Any CPU
		{4656E5BB-1C43-4F55-BA09-E0FB10042FAC}.Debug|Any CPU.Build.0 = Debug|Any CPU
		{4656E5BB-1C43-4F55-BA09-E0FB10042FAC}.Debug|ARM.ActiveCfg = Debug|Any CPU
		{4656E5BB-1C43-4F55-BA09-E0FB10042FAC}.Debug|ARM.Build.0 = Debug|Any CPU
		{4656E5BB-1C43-4F55-BA09-E0FB10042FAC}.Debug|iPhone.ActiveCfg = Debug|Any CPU
		{4656E5BB-1C43-4F55-BA09-E0FB10042FAC}.Debug|iPhone.Build.0 = Debug|Any CPU
		{4656E5BB-1C43-4F55-BA09-E0FB10042FAC}.Debug|iPhoneSimulator.ActiveCfg = Debug|Any CPU
		{4656E5BB-1C43-4F55-BA09-E0FB10042FAC}.Debug|iPhoneSimulator.Build.0 = Debug|Any CPU
		{4656E5BB-1C43-4F55-BA09-E0FB10042FAC}.Debug|x64.ActiveCfg = Debug|Any CPU
		{4656E5BB-1C43-4F55-BA09-E0FB10042FAC}.Debug|x64.Build.0 = Debug|Any CPU
		{4656E5BB-1C43-4F55-BA09-E0FB10042FAC}.Debug|x86.ActiveCfg = Debug|Any CPU
		{4656E5BB-1C43-4F55-BA09-E0FB10042FAC}.Debug|x86.Build.0 = Debug|Any CPU
		{4656E5BB-1C43-4F55-BA09-E0FB10042FAC}.Release|Any CPU.ActiveCfg = Release|Any CPU
		{4656E5BB-1C43-4F55-BA09-E0FB10042FAC}.Release|Any CPU.Build.0 = Release|Any CPU
		{4656E5BB-1C43-4F55-BA09-E0FB10042FAC}.Release|ARM.ActiveCfg = Release|Any CPU
		{4656E5BB-1C43-4F55-BA09-E0FB10042FAC}.Release|ARM.Build.0 = Release|Any CPU
		{4656E5BB-1C43-4F55-BA09-E0FB10042FAC}.Release|iPhone.ActiveCfg = Release|Any CPU
		{4656E5BB-1C43-4F55-BA09-E0FB10042FAC}.Release|iPhone.Build.0 = Release|Any CPU
		{4656E5BB-1C43-4F55-BA09-E0FB10042FAC}.Release|iPhoneSimulator.ActiveCfg = Release|Any CPU
		{4656E5BB-1C43-4F55-BA09-E0FB10042FAC}.Release|iPhoneSimulator.Build.0 = Release|Any CPU
		{4656E5BB-1C43-4F55-BA09-E0FB10042FAC}.Release|x64.ActiveCfg = Release|Any CPU
		{4656E5BB-1C43-4F55-BA09-E0FB10042FAC}.Release|x64.Build.0 = Release|Any CPU
		{4656E5BB-1C43-4F55-BA09-E0FB10042FAC}.Release|x86.ActiveCfg = Release|Any CPU
		{4656E5BB-1C43-4F55-BA09-E0FB10042FAC}.Release|x86.Build.0 = Release|Any CPU
		{A225C244-5C70-402E-BA8F-ED55E27A10CD}.Debug|Any CPU.ActiveCfg = Debug|Any CPU
		{A225C244-5C70-402E-BA8F-ED55E27A10CD}.Debug|Any CPU.Build.0 = Debug|Any CPU
		{A225C244-5C70-402E-BA8F-ED55E27A10CD}.Debug|ARM.ActiveCfg = Debug|Any CPU
		{A225C244-5C70-402E-BA8F-ED55E27A10CD}.Debug|ARM.Build.0 = Debug|Any CPU
		{A225C244-5C70-402E-BA8F-ED55E27A10CD}.Debug|iPhone.ActiveCfg = Debug|Any CPU
		{A225C244-5C70-402E-BA8F-ED55E27A10CD}.Debug|iPhone.Build.0 = Debug|Any CPU
		{A225C244-5C70-402E-BA8F-ED55E27A10CD}.Debug|iPhoneSimulator.ActiveCfg = Debug|Any CPU
		{A225C244-5C70-402E-BA8F-ED55E27A10CD}.Debug|iPhoneSimulator.Build.0 = Debug|Any CPU
		{A225C244-5C70-402E-BA8F-ED55E27A10CD}.Debug|x64.ActiveCfg = Debug|Any CPU
		{A225C244-5C70-402E-BA8F-ED55E27A10CD}.Debug|x64.Build.0 = Debug|Any CPU
		{A225C244-5C70-402E-BA8F-ED55E27A10CD}.Debug|x86.ActiveCfg = Debug|Any CPU
		{A225C244-5C70-402E-BA8F-ED55E27A10CD}.Debug|x86.Build.0 = Debug|Any CPU
		{A225C244-5C70-402E-BA8F-ED55E27A10CD}.Release|Any CPU.ActiveCfg = Release|Any CPU
		{A225C244-5C70-402E-BA8F-ED55E27A10CD}.Release|Any CPU.Build.0 = Release|Any CPU
		{A225C244-5C70-402E-BA8F-ED55E27A10CD}.Release|ARM.ActiveCfg = Release|Any CPU
		{A225C244-5C70-402E-BA8F-ED55E27A10CD}.Release|ARM.Build.0 = Release|Any CPU
		{A225C244-5C70-402E-BA8F-ED55E27A10CD}.Release|iPhone.ActiveCfg = Release|Any CPU
		{A225C244-5C70-402E-BA8F-ED55E27A10CD}.Release|iPhone.Build.0 = Release|Any CPU
		{A225C244-5C70-402E-BA8F-ED55E27A10CD}.Release|iPhoneSimulator.ActiveCfg = Release|Any CPU
		{A225C244-5C70-402E-BA8F-ED55E27A10CD}.Release|iPhoneSimulator.Build.0 = Release|Any CPU
		{A225C244-5C70-402E-BA8F-ED55E27A10CD}.Release|x64.ActiveCfg = Release|Any CPU
		{A225C244-5C70-402E-BA8F-ED55E27A10CD}.Release|x64.Build.0 = Release|Any CPU
		{A225C244-5C70-402E-BA8F-ED55E27A10CD}.Release|x86.ActiveCfg = Release|Any CPU
		{A225C244-5C70-402E-BA8F-ED55E27A10CD}.Release|x86.Build.0 = Release|Any CPU
		{D1367051-9F5C-4F7B-9135-6095541C47B2}.Debug|Any CPU.ActiveCfg = Debug|Any CPU
		{D1367051-9F5C-4F7B-9135-6095541C47B2}.Debug|Any CPU.Build.0 = Debug|Any CPU
		{D1367051-9F5C-4F7B-9135-6095541C47B2}.Debug|ARM.ActiveCfg = Debug|Any CPU
		{D1367051-9F5C-4F7B-9135-6095541C47B2}.Debug|ARM.Build.0 = Debug|Any CPU
		{D1367051-9F5C-4F7B-9135-6095541C47B2}.Debug|iPhone.ActiveCfg = Debug|Any CPU
		{D1367051-9F5C-4F7B-9135-6095541C47B2}.Debug|iPhone.Build.0 = Debug|Any CPU
		{D1367051-9F5C-4F7B-9135-6095541C47B2}.Debug|iPhoneSimulator.ActiveCfg = Debug|Any CPU
		{D1367051-9F5C-4F7B-9135-6095541C47B2}.Debug|iPhoneSimulator.Build.0 = Debug|Any CPU
		{D1367051-9F5C-4F7B-9135-6095541C47B2}.Debug|x64.ActiveCfg = Debug|Any CPU
		{D1367051-9F5C-4F7B-9135-6095541C47B2}.Debug|x64.Build.0 = Debug|Any CPU
		{D1367051-9F5C-4F7B-9135-6095541C47B2}.Debug|x86.ActiveCfg = Debug|Any CPU
		{D1367051-9F5C-4F7B-9135-6095541C47B2}.Debug|x86.Build.0 = Debug|Any CPU
		{D1367051-9F5C-4F7B-9135-6095541C47B2}.Release|Any CPU.ActiveCfg = Release|Any CPU
		{D1367051-9F5C-4F7B-9135-6095541C47B2}.Release|Any CPU.Build.0 = Release|Any CPU
		{D1367051-9F5C-4F7B-9135-6095541C47B2}.Release|ARM.ActiveCfg = Release|Any CPU
		{D1367051-9F5C-4F7B-9135-6095541C47B2}.Release|ARM.Build.0 = Release|Any CPU
		{D1367051-9F5C-4F7B-9135-6095541C47B2}.Release|iPhone.ActiveCfg = Release|Any CPU
		{D1367051-9F5C-4F7B-9135-6095541C47B2}.Release|iPhone.Build.0 = Release|Any CPU
		{D1367051-9F5C-4F7B-9135-6095541C47B2}.Release|iPhoneSimulator.ActiveCfg = Release|Any CPU
		{D1367051-9F5C-4F7B-9135-6095541C47B2}.Release|iPhoneSimulator.Build.0 = Release|Any CPU
		{D1367051-9F5C-4F7B-9135-6095541C47B2}.Release|x64.ActiveCfg = Release|Any CPU
		{D1367051-9F5C-4F7B-9135-6095541C47B2}.Release|x64.Build.0 = Release|Any CPU
		{D1367051-9F5C-4F7B-9135-6095541C47B2}.Release|x86.ActiveCfg = Release|Any CPU
		{D1367051-9F5C-4F7B-9135-6095541C47B2}.Release|x86.Build.0 = Release|Any CPU
		{407F4E72-CC87-4A58-841B-B75CD914F8B1}.Debug|Any CPU.ActiveCfg = Debug|Any CPU
		{407F4E72-CC87-4A58-841B-B75CD914F8B1}.Debug|Any CPU.Build.0 = Debug|Any CPU
		{407F4E72-CC87-4A58-841B-B75CD914F8B1}.Debug|ARM.ActiveCfg = Debug|Any CPU
		{407F4E72-CC87-4A58-841B-B75CD914F8B1}.Debug|ARM.Build.0 = Debug|Any CPU
		{407F4E72-CC87-4A58-841B-B75CD914F8B1}.Debug|iPhone.ActiveCfg = Debug|Any CPU
		{407F4E72-CC87-4A58-841B-B75CD914F8B1}.Debug|iPhone.Build.0 = Debug|Any CPU
		{407F4E72-CC87-4A58-841B-B75CD914F8B1}.Debug|iPhoneSimulator.ActiveCfg = Debug|Any CPU
		{407F4E72-CC87-4A58-841B-B75CD914F8B1}.Debug|iPhoneSimulator.Build.0 = Debug|Any CPU
		{407F4E72-CC87-4A58-841B-B75CD914F8B1}.Debug|x64.ActiveCfg = Debug|Any CPU
		{407F4E72-CC87-4A58-841B-B75CD914F8B1}.Debug|x64.Build.0 = Debug|Any CPU
		{407F4E72-CC87-4A58-841B-B75CD914F8B1}.Debug|x86.ActiveCfg = Debug|Any CPU
		{407F4E72-CC87-4A58-841B-B75CD914F8B1}.Debug|x86.Build.0 = Debug|Any CPU
		{407F4E72-CC87-4A58-841B-B75CD914F8B1}.Release|Any CPU.ActiveCfg = Release|Any CPU
		{407F4E72-CC87-4A58-841B-B75CD914F8B1}.Release|Any CPU.Build.0 = Release|Any CPU
		{407F4E72-CC87-4A58-841B-B75CD914F8B1}.Release|ARM.ActiveCfg = Release|Any CPU
		{407F4E72-CC87-4A58-841B-B75CD914F8B1}.Release|ARM.Build.0 = Release|Any CPU
		{407F4E72-CC87-4A58-841B-B75CD914F8B1}.Release|iPhone.ActiveCfg = Release|Any CPU
		{407F4E72-CC87-4A58-841B-B75CD914F8B1}.Release|iPhone.Build.0 = Release|Any CPU
		{407F4E72-CC87-4A58-841B-B75CD914F8B1}.Release|iPhoneSimulator.ActiveCfg = Release|Any CPU
		{407F4E72-CC87-4A58-841B-B75CD914F8B1}.Release|iPhoneSimulator.Build.0 = Release|Any CPU
		{407F4E72-CC87-4A58-841B-B75CD914F8B1}.Release|x64.ActiveCfg = Release|Any CPU
		{407F4E72-CC87-4A58-841B-B75CD914F8B1}.Release|x64.Build.0 = Release|Any CPU
		{407F4E72-CC87-4A58-841B-B75CD914F8B1}.Release|x86.ActiveCfg = Release|Any CPU
		{407F4E72-CC87-4A58-841B-B75CD914F8B1}.Release|x86.Build.0 = Release|Any CPU
		{B86B132A-27A9-4080-894F-F84CEEFEE088}.Debug|Any CPU.ActiveCfg = Debug|Any CPU
		{B86B132A-27A9-4080-894F-F84CEEFEE088}.Debug|Any CPU.Build.0 = Debug|Any CPU
		{B86B132A-27A9-4080-894F-F84CEEFEE088}.Debug|ARM.ActiveCfg = Debug|Any CPU
		{B86B132A-27A9-4080-894F-F84CEEFEE088}.Debug|ARM.Build.0 = Debug|Any CPU
		{B86B132A-27A9-4080-894F-F84CEEFEE088}.Debug|iPhone.ActiveCfg = Debug|Any CPU
		{B86B132A-27A9-4080-894F-F84CEEFEE088}.Debug|iPhone.Build.0 = Debug|Any CPU
		{B86B132A-27A9-4080-894F-F84CEEFEE088}.Debug|iPhoneSimulator.ActiveCfg = Debug|Any CPU
		{B86B132A-27A9-4080-894F-F84CEEFEE088}.Debug|iPhoneSimulator.Build.0 = Debug|Any CPU
		{B86B132A-27A9-4080-894F-F84CEEFEE088}.Debug|x64.ActiveCfg = Debug|Any CPU
		{B86B132A-27A9-4080-894F-F84CEEFEE088}.Debug|x64.Build.0 = Debug|Any CPU
		{B86B132A-27A9-4080-894F-F84CEEFEE088}.Debug|x86.ActiveCfg = Debug|Any CPU
		{B86B132A-27A9-4080-894F-F84CEEFEE088}.Debug|x86.Build.0 = Debug|Any CPU
		{B86B132A-27A9-4080-894F-F84CEEFEE088}.Release|Any CPU.ActiveCfg = Release|Any CPU
		{B86B132A-27A9-4080-894F-F84CEEFEE088}.Release|ARM.ActiveCfg = Release|Any CPU
		{B86B132A-27A9-4080-894F-F84CEEFEE088}.Release|iPhone.ActiveCfg = Release|Any CPU
		{B86B132A-27A9-4080-894F-F84CEEFEE088}.Release|iPhoneSimulator.ActiveCfg = Release|Any CPU
		{B86B132A-27A9-4080-894F-F84CEEFEE088}.Release|x64.ActiveCfg = Release|Any CPU
		{B86B132A-27A9-4080-894F-F84CEEFEE088}.Release|x86.ActiveCfg = Release|Any CPU
		{4E987D86-4E13-4BBC-9C3A-69006801D049}.Debug|Any CPU.ActiveCfg = Debug|Any CPU
		{4E987D86-4E13-4BBC-9C3A-69006801D049}.Debug|Any CPU.Build.0 = Debug|Any CPU
		{4E987D86-4E13-4BBC-9C3A-69006801D049}.Debug|Any CPU.Deploy.0 = Debug|Any CPU
		{4E987D86-4E13-4BBC-9C3A-69006801D049}.Debug|ARM.ActiveCfg = Debug|Any CPU
		{4E987D86-4E13-4BBC-9C3A-69006801D049}.Debug|ARM.Build.0 = Debug|Any CPU
		{4E987D86-4E13-4BBC-9C3A-69006801D049}.Debug|ARM.Deploy.0 = Debug|Any CPU
		{4E987D86-4E13-4BBC-9C3A-69006801D049}.Debug|iPhone.ActiveCfg = Debug|Any CPU
		{4E987D86-4E13-4BBC-9C3A-69006801D049}.Debug|iPhone.Build.0 = Debug|Any CPU
		{4E987D86-4E13-4BBC-9C3A-69006801D049}.Debug|iPhone.Deploy.0 = Debug|Any CPU
		{4E987D86-4E13-4BBC-9C3A-69006801D049}.Debug|iPhoneSimulator.ActiveCfg = Debug|Any CPU
		{4E987D86-4E13-4BBC-9C3A-69006801D049}.Debug|iPhoneSimulator.Build.0 = Debug|Any CPU
		{4E987D86-4E13-4BBC-9C3A-69006801D049}.Debug|iPhoneSimulator.Deploy.0 = Debug|Any CPU
		{4E987D86-4E13-4BBC-9C3A-69006801D049}.Debug|x64.ActiveCfg = Debug|Any CPU
		{4E987D86-4E13-4BBC-9C3A-69006801D049}.Debug|x64.Build.0 = Debug|Any CPU
		{4E987D86-4E13-4BBC-9C3A-69006801D049}.Debug|x64.Deploy.0 = Debug|Any CPU
		{4E987D86-4E13-4BBC-9C3A-69006801D049}.Debug|x86.ActiveCfg = Debug|Any CPU
		{4E987D86-4E13-4BBC-9C3A-69006801D049}.Debug|x86.Build.0 = Debug|Any CPU
		{4E987D86-4E13-4BBC-9C3A-69006801D049}.Debug|x86.Deploy.0 = Debug|Any CPU
		{4E987D86-4E13-4BBC-9C3A-69006801D049}.Release|Any CPU.ActiveCfg = Release|Any CPU
		{4E987D86-4E13-4BBC-9C3A-69006801D049}.Release|ARM.ActiveCfg = Release|Any CPU
		{4E987D86-4E13-4BBC-9C3A-69006801D049}.Release|iPhone.ActiveCfg = Release|Any CPU
		{4E987D86-4E13-4BBC-9C3A-69006801D049}.Release|iPhoneSimulator.ActiveCfg = Release|Any CPU
		{4E987D86-4E13-4BBC-9C3A-69006801D049}.Release|x64.ActiveCfg = Release|Any CPU
		{4E987D86-4E13-4BBC-9C3A-69006801D049}.Release|x86.ActiveCfg = Release|Any CPU
		{BEE0A49E-FC11-40CD-BA64-F426B1B23A0E}.Debug|Any CPU.ActiveCfg = Debug|iPhone
		{BEE0A49E-FC11-40CD-BA64-F426B1B23A0E}.Debug|ARM.ActiveCfg = Debug|iPhone
		{BEE0A49E-FC11-40CD-BA64-F426B1B23A0E}.Debug|iPhone.ActiveCfg = Debug|iPhone
		{BEE0A49E-FC11-40CD-BA64-F426B1B23A0E}.Debug|iPhone.Build.0 = Debug|iPhone
		{BEE0A49E-FC11-40CD-BA64-F426B1B23A0E}.Debug|iPhoneSimulator.ActiveCfg = Debug|iPhoneSimulator
		{BEE0A49E-FC11-40CD-BA64-F426B1B23A0E}.Debug|iPhoneSimulator.Build.0 = Debug|iPhoneSimulator
		{BEE0A49E-FC11-40CD-BA64-F426B1B23A0E}.Debug|x64.ActiveCfg = Debug|iPhone
		{BEE0A49E-FC11-40CD-BA64-F426B1B23A0E}.Debug|x86.ActiveCfg = Debug|iPhone
		{BEE0A49E-FC11-40CD-BA64-F426B1B23A0E}.Release|Any CPU.ActiveCfg = Release|iPhone
		{BEE0A49E-FC11-40CD-BA64-F426B1B23A0E}.Release|ARM.ActiveCfg = Release|iPhone
		{BEE0A49E-FC11-40CD-BA64-F426B1B23A0E}.Release|iPhone.ActiveCfg = Release|iPhone
		{BEE0A49E-FC11-40CD-BA64-F426B1B23A0E}.Release|iPhoneSimulator.ActiveCfg = Release|iPhoneSimulator
		{BEE0A49E-FC11-40CD-BA64-F426B1B23A0E}.Release|x64.ActiveCfg = Release|iPhone
		{BEE0A49E-FC11-40CD-BA64-F426B1B23A0E}.Release|x86.ActiveCfg = Release|iPhone
		{A34F7AAD-DE91-4A1A-B5DE-1B1F5769E483}.Debug|Any CPU.ActiveCfg = Debug|x86
		{A34F7AAD-DE91-4A1A-B5DE-1B1F5769E483}.Debug|ARM.ActiveCfg = Debug|ARM
		{A34F7AAD-DE91-4A1A-B5DE-1B1F5769E483}.Debug|ARM.Build.0 = Debug|ARM
		{A34F7AAD-DE91-4A1A-B5DE-1B1F5769E483}.Debug|ARM.Deploy.0 = Debug|ARM
		{A34F7AAD-DE91-4A1A-B5DE-1B1F5769E483}.Debug|iPhone.ActiveCfg = Debug|x86
		{A34F7AAD-DE91-4A1A-B5DE-1B1F5769E483}.Debug|iPhoneSimulator.ActiveCfg = Debug|x86
		{A34F7AAD-DE91-4A1A-B5DE-1B1F5769E483}.Debug|x64.ActiveCfg = Debug|x64
		{A34F7AAD-DE91-4A1A-B5DE-1B1F5769E483}.Debug|x64.Build.0 = Debug|x64
		{A34F7AAD-DE91-4A1A-B5DE-1B1F5769E483}.Debug|x64.Deploy.0 = Debug|x64
		{A34F7AAD-DE91-4A1A-B5DE-1B1F5769E483}.Debug|x86.ActiveCfg = Debug|x86
		{A34F7AAD-DE91-4A1A-B5DE-1B1F5769E483}.Debug|x86.Build.0 = Debug|x86
		{A34F7AAD-DE91-4A1A-B5DE-1B1F5769E483}.Debug|x86.Deploy.0 = Debug|x86
		{A34F7AAD-DE91-4A1A-B5DE-1B1F5769E483}.Release|Any CPU.ActiveCfg = Release|x86
		{A34F7AAD-DE91-4A1A-B5DE-1B1F5769E483}.Release|ARM.ActiveCfg = Release|ARM
		{A34F7AAD-DE91-4A1A-B5DE-1B1F5769E483}.Release|iPhone.ActiveCfg = Release|x86
		{A34F7AAD-DE91-4A1A-B5DE-1B1F5769E483}.Release|iPhoneSimulator.ActiveCfg = Release|x86
		{A34F7AAD-DE91-4A1A-B5DE-1B1F5769E483}.Release|x64.ActiveCfg = Release|x64
		{A34F7AAD-DE91-4A1A-B5DE-1B1F5769E483}.Release|x86.ActiveCfg = Release|x86
	EndGlobalSection
	GlobalSection(SolutionProperties) = preSolution
		HideSolutionNode = FALSE
	EndGlobalSection
	GlobalSection(NestedProjects) = preSolution
		{940CA2D8-B9A8-499A-9ED3-ECEE9758073F} = {46FA7A81-EA94-407D-B1A9-4E06E414F6D6}
		{3A82A96A-F3FC-4244-87C3-28706494F614} = {46FA7A81-EA94-407D-B1A9-4E06E414F6D6}
		{24CED393-E72C-4A67-B367-9D7AC5CA6E00} = {0C701AD0-75AE-447C-9BDF-9048A3E41280}
		{FD30086E-FA39-408E-935F-8921B454D282} = {46FA7A81-EA94-407D-B1A9-4E06E414F6D6}
		{A1664CA9-907A-4AF7-9100-C69CCD26900E} = {0C701AD0-75AE-447C-9BDF-9048A3E41280}
		{636195B0-A0D5-4976-8C33-8B719714B419} = {46FA7A81-EA94-407D-B1A9-4E06E414F6D6}
		{771A0FD7-7877-4AB7-8528-7FB07054393D} = {46FA7A81-EA94-407D-B1A9-4E06E414F6D6}
		{626759D0-9075-434F-A239-E3C8AC180C44} = {0C701AD0-75AE-447C-9BDF-9048A3E41280}
		{9D2C6E7D-4C6E-4606-A3FA-43B18ED56F32} = {0C701AD0-75AE-447C-9BDF-9048A3E41280}
		{D73AC015-C294-4EEE-9E71-D8A9CEA3DC41} = {0C701AD0-75AE-447C-9BDF-9048A3E41280}
		{E13E43D5-6A03-401C-B7E6-298E829E5A2F} = {0C701AD0-75AE-447C-9BDF-9048A3E41280}
		{4656E5BB-1C43-4F55-BA09-E0FB10042FAC} = {0C701AD0-75AE-447C-9BDF-9048A3E41280}
		{A225C244-5C70-402E-BA8F-ED55E27A10CD} = {46FA7A81-EA94-407D-B1A9-4E06E414F6D6}
		{D1367051-9F5C-4F7B-9135-6095541C47B2} = {0C701AD0-75AE-447C-9BDF-9048A3E41280}
		{407F4E72-CC87-4A58-841B-B75CD914F8B1} = {0C701AD0-75AE-447C-9BDF-9048A3E41280}
		{A000E151-D04B-4F18-92A9-173E60975FBC} = {0C701AD0-75AE-447C-9BDF-9048A3E41280}
		{B86B132A-27A9-4080-894F-F84CEEFEE088} = {69740F2B-E447-45FC-A32C-DBFC7FD5D810}
		{4E987D86-4E13-4BBC-9C3A-69006801D049} = {69740F2B-E447-45FC-A32C-DBFC7FD5D810}
		{BEE0A49E-FC11-40CD-BA64-F426B1B23A0E} = {69740F2B-E447-45FC-A32C-DBFC7FD5D810}
		{A34F7AAD-DE91-4A1A-B5DE-1B1F5769E483} = {69740F2B-E447-45FC-A32C-DBFC7FD5D810}
	EndGlobalSection
	GlobalSection(ExtensibilityGlobals) = postSolution
		SolutionGuid = {204FA081-78C1-4570-A906-AFABE7FAB3E3}
	EndGlobalSection
EndGlobal
